
Microsoft Visual Studio Solution File, Format Version 12.00
# Visual Studio 15
VisualStudioVersion = 15.0.26228.4
MinimumVisualStudioVersion = 10.0.40219.1
Project("{2150E333-8FDC-42A3-9474-1A3956D46DE8}") = "src", "src", "{6486DE3E-291E-49EE-86ED-F06F820F9F6F}"
EndProject
Project("{2150E333-8FDC-42A3-9474-1A3956D46DE8}") = "Solution Items", "Solution Items", "{EB4C55BA-B694-4CDB-A9FD-722BCBE306E8}"
EndProject
Project("{9A19103F-16F7-4668-BE54-9A1E7A4F7556}") = "CC98.Software", "src\CC98.Software\CC98.Software.csproj", "{BDA5FAB8-0415-46C6-9658-41CA99135A7C}"
EndProject
Global
	GlobalSection(SolutionConfigurationPlatforms) = preSolution
		Debug|Any CPU = Debug|Any CPU
		Release|Any CPU = Release|Any CPU
	EndGlobalSection
	GlobalSection(ProjectConfigurationPlatforms) = postSolution
		{BDA5FAB8-0415-46C6-9658-41CA99135A7C}.Debug|Any CPU.ActiveCfg = Debug|Any CPU
		{BDA5FAB8-0415-46C6-9658-41CA99135A7C}.Debug|Any CPU.Build.0 = Debug|Any CPU
		{BDA5FAB8-0415-46C6-9658-41CA99135A7C}.Release|Any CPU.ActiveCfg = Release|Any CPU
		{BDA5FAB8-0415-46C6-9658-41CA99135A7C}.Release|Any CPU.Build.0 = Release|Any CPU
	EndGlobalSection
	GlobalSection(SolutionProperties) = preSolution
		HideSolutionNode = FALSE
	EndGlobalSection
	GlobalSection(NestedProjects) = preSolution
		{BDA5FAB8-0415-46C6-9658-41CA99135A7C} = {6486DE3E-291E-49EE-86ED-F06F820F9F6F}
	EndGlobalSection
EndGlobal
